
Microsoft Visual Studio Solution File, Format Version 12.00
# Visual Studio Version 17
VisualStudioVersion = 17.4.33110.190
MinimumVisualStudioVersion = 10.0.40219.1
Project("{2150E333-8FDC-42A3-9474-1A3956D46DE8}") = "src", "src", "{0785CAD0-2EEE-4648-819F-743F019CF005}"
EndProject
Project("{2150E333-8FDC-42A3-9474-1A3956D46DE8}") = "test", "test", "{67C2983D-667B-4ACE-BFEE-307801F3B33A}"
EndProject
Project("{9A19103F-16F7-4668-BE54-9A1E7A4F7556}") = "TaskManager.Api", "TaskManager.Api\TaskManager.Api.csproj", "{C62AB629-BF79-4CAB-9D48-6717EE26D6BC}"
EndProject
Project("{9A19103F-16F7-4668-BE54-9A1E7A4F7556}") = "TaskManager.Application", "TaskManager.Application\TaskManager.Application.csproj", "{5A4D1378-9BC7-44FC-9D5F-68D60247CEEC}"
EndProject
Project("{9A19103F-16F7-4668-BE54-9A1E7A4F7556}") = "TaskManager.Domain", "TaskManager.Domain\TaskManager.Domain.csproj", "{13D410B6-6642-40C0-8A13-2AC1FBD4818D}"
EndProject
Project("{9A19103F-16F7-4668-BE54-9A1E7A4F7556}") = "TaskManager.Infrastructure", "TaskManager.Infrastructure\TaskManager.Infrastructure.csproj", "{67A1A840-AFDF-45C1-94A4-859877EDB263}"
EndProject
Global
	GlobalSection(SolutionConfigurationPlatforms) = preSolution
		Debug|Any CPU = Debug|Any CPU
		Release|Any CPU = Release|Any CPU
	EndGlobalSection
	GlobalSection(ProjectConfigurationPlatforms) = postSolution
		{C62AB629-BF79-4CAB-9D48-6717EE26D6BC}.Debug|Any CPU.ActiveCfg = Debug|Any CPU
		{C62AB629-BF79-4CAB-9D48-6717EE26D6BC}.Debug|Any CPU.Build.0 = Debug|Any CPU
		{C62AB629-BF79-4CAB-9D48-6717EE26D6BC}.Release|Any CPU.ActiveCfg = Release|Any CPU
		{C62AB629-BF79-4CAB-9D48-6717EE26D6BC}.Release|Any CPU.Build.0 = Release|Any CPU
		{5A4D1378-9BC7-44FC-9D5F-68D60247CEEC}.Debug|Any CPU.ActiveCfg = Debug|Any CPU
		{5A4D1378-9BC7-44FC-9D5F-68D60247CEEC}.Debug|Any CPU.Build.0 = Debug|Any CPU
		{5A4D1378-9BC7-44FC-9D5F-68D60247CEEC}.Release|Any CPU.ActiveCfg = Release|Any CPU
		{5A4D1378-9BC7-44FC-9D5F-68D60247CEEC}.Release|Any CPU.Build.0 = Release|Any CPU
		{13D410B6-6642-40C0-8A13-2AC1FBD4818D}.Debug|Any CPU.ActiveCfg = Debug|Any CPU
		{13D410B6-6642-40C0-8A13-2AC1FBD4818D}.Debug|Any CPU.Build.0 = Debug|Any CPU
		{13D410B6-6642-40C0-8A13-2AC1FBD4818D}.Release|Any CPU.ActiveCfg = Release|Any CPU
		{13D410B6-6642-40C0-8A13-2AC1FBD4818D}.Release|Any CPU.Build.0 = Release|Any CPU
		{67A1A840-AFDF-45C1-94A4-859877EDB263}.Debug|Any CPU.ActiveCfg = Debug|Any CPU
		{67A1A840-AFDF-45C1-94A4-859877EDB263}.Debug|Any CPU.Build.0 = Debug|Any CPU
		{67A1A840-AFDF-45C1-94A4-859877EDB263}.Release|Any CPU.ActiveCfg = Release|Any CPU
		{67A1A840-AFDF-45C1-94A4-859877EDB263}.Release|Any CPU.Build.0 = Release|Any CPU
	EndGlobalSection
	GlobalSection(SolutionProperties) = preSolution
		HideSolutionNode = FALSE
	EndGlobalSection
	GlobalSection(NestedProjects) = preSolution
		{C62AB629-BF79-4CAB-9D48-6717EE26D6BC} = {0785CAD0-2EEE-4648-819F-743F019CF005}
		{5A4D1378-9BC7-44FC-9D5F-68D60247CEEC} = {0785CAD0-2EEE-4648-819F-743F019CF005}
		{13D410B6-6642-40C0-8A13-2AC1FBD4818D} = {0785CAD0-2EEE-4648-819F-743F019CF005}
		{67A1A840-AFDF-45C1-94A4-859877EDB263} = {0785CAD0-2EEE-4648-819F-743F019CF005}
	EndGlobalSection
	GlobalSection(ExtensibilityGlobals) = postSolution
		SolutionGuid = {15D392C9-6A17-4E9C-9F55-83992294EC33}
	EndGlobalSection
EndGlobal
